# THIS IS AN AUTOGENERATED FILE. DO NOT EDIT THIS FILE DIRECTLY.
# yarn lockfile v1


sparql-http-client@^1.2.0:
  version "1.2.0"
  resolved "https://registry.yarnpkg.com/sparql-http-client/-/sparql-http-client-1.2.0.tgz#88f6313bcb5c425c5cf46ccd052d18828fbc76a2"
  integrity sha512-oahbVcNmz/KjcYF7L8MiQrrZ44EHTOqbiID6HZUYJtAKpt/DJDZ7lEEgpXEs+kLrWdd8s9ULC9xptRlxh/28IQ==
